
Microsoft Visual Studio Solution File, Format Version 12.00
# Visual Studio Version 17
VisualStudioVersion = 17.1.31911.260
MinimumVisualStudioVersion = 10.0.40219.1
Project("{9A19103F-16F7-4668-BE54-9A1E7A4F7556}") = "ProjetoCadAlunoMVC", "ProjetoCadAlunoMVC\ProjetoCadAlunoMVC.csproj", "{5DF6C2A4-7E10-4D88-9FAB-021FA71A85DA}"
EndProject
Project("{2150E333-8FDC-42A3-9474-1A3956D46DE8}") = "Presentation", "Presentation", "{4FF1C930-6B73-4CC8-922B-92F7AF08CCC9}"
EndProject
Project("{2150E333-8FDC-42A3-9474-1A3956D46DE8}") = "Client", "Client", "{EAAE21C7-98B6-4DAA-B149-B6740BC6694E}"
EndProject
Project("{2150E333-8FDC-42A3-9474-1A3956D46DE8}") = "Domain", "Domain", "{800B030B-A6D2-4F9F-98C3-414C34C3EAC5}"
EndProject
Project("{2150E333-8FDC-42A3-9474-1A3956D46DE8}") = "API", "API", "{A4222CCB-017C-46F6-99BD-D1B65F25549E}"
EndProject
Project("{9A19103F-16F7-4668-BE54-9A1E7A4F7556}") = "ProjetoCadAlunoAPI", "ProjetoCadAlunoAPI\ProjetoCadAlunoAPI.csproj", "{FD3BFAB3-DFF7-4375-928D-B9A67BA69AE7}"
EndProject
Project("{FAE04EC0-301F-11D3-BF4B-00C04F79EFBC}") = "ProjetoCadAluno.CLIENT", "ProjetoCadAluno.CLIENT\ProjetoCadAluno.CLIENT.csproj", "{7B9135A2-7796-4A6D-A248-FBF43086E874}"
EndProject
Project("{FAE04EC0-301F-11D3-BF4B-00C04F79EFBC}") = "ProjetoCadAluno.DOMAIN", "ProjetoCadAluno.DOMAIN\ProjetoCadAluno.DOMAIN.csproj", "{6BB46AD8-7CAC-4D9C-9D1B-6C3563ABCF91}"
EndProject
Project("{2150E333-8FDC-42A3-9474-1A3956D46DE8}") = "Data", "Data", "{364DED01-C198-4F93-9416-B22D55BE9CD6}"
EndProject
Project("{FAE04EC0-301F-11D3-BF4B-00C04F79EFBC}") = "ProjetoCadAlunoAPI.DATA", "ProjetoCadAlunoAPI.DATA\ProjetoCadAlunoAPI.DATA.csproj", "{6BC9FDE2-BF76-4BB8-BD04-CF4A7FE616DD}"
EndProject
Project("{2150E333-8FDC-42A3-9474-1A3956D46DE8}") = "Business", "Business", "{4A06C11F-BE4B-49BA-AECD-62751D0093C3}"
EndProject
Project("{FAE04EC0-301F-11D3-BF4B-00C04F79EFBC}") = "ProjetoCadAlunoAPI.BUSINESS", "ProjetoCadAlunoAPI.BUSINESS\ProjetoCadAlunoAPI.BUSINESS.csproj", "{548ABA4D-A935-4DFA-BF48-25407AB95397}"
EndProject
Global
	GlobalSection(SolutionConfigurationPlatforms) = preSolution
		Debug|Any CPU = Debug|Any CPU
		Release|Any CPU = Release|Any CPU
	EndGlobalSection
	GlobalSection(ProjectConfigurationPlatforms) = postSolution
		{5DF6C2A4-7E10-4D88-9FAB-021FA71A85DA}.Debug|Any CPU.ActiveCfg = Debug|Any CPU
		{5DF6C2A4-7E10-4D88-9FAB-021FA71A85DA}.Debug|Any CPU.Build.0 = Debug|Any CPU
		{5DF6C2A4-7E10-4D88-9FAB-021FA71A85DA}.Release|Any CPU.ActiveCfg = Release|Any CPU
		{5DF6C2A4-7E10-4D88-9FAB-021FA71A85DA}.Release|Any CPU.Build.0 = Release|Any CPU
		{FD3BFAB3-DFF7-4375-928D-B9A67BA69AE7}.Debug|Any CPU.ActiveCfg = Debug|Any CPU
		{FD3BFAB3-DFF7-4375-928D-B9A67BA69AE7}.Debug|Any CPU.Build.0 = Debug|Any CPU
		{FD3BFAB3-DFF7-4375-928D-B9A67BA69AE7}.Release|Any CPU.ActiveCfg = Release|Any CPU
		{FD3BFAB3-DFF7-4375-928D-B9A67BA69AE7}.Release|Any CPU.Build.0 = Release|Any CPU
		{7B9135A2-7796-4A6D-A248-FBF43086E874}.Debug|Any CPU.ActiveCfg = Debug|Any CPU
		{7B9135A2-7796-4A6D-A248-FBF43086E874}.Debug|Any CPU.Build.0 = Debug|Any CPU
		{7B9135A2-7796-4A6D-A248-FBF43086E874}.Release|Any CPU.ActiveCfg = Release|Any CPU
		{7B9135A2-7796-4A6D-A248-FBF43086E874}.Release|Any CPU.Build.0 = Release|Any CPU
		{6BB46AD8-7CAC-4D9C-9D1B-6C3563ABCF91}.Debug|Any CPU.ActiveCfg = Debug|Any CPU
		{6BB46AD8-7CAC-4D9C-9D1B-6C3563ABCF91}.Debug|Any CPU.Build.0 = Debug|Any CPU
		{6BB46AD8-7CAC-4D9C-9D1B-6C3563ABCF91}.Release|Any CPU.ActiveCfg = Release|Any CPU
		{6BB46AD8-7CAC-4D9C-9D1B-6C3563ABCF91}.Release|Any CPU.Build.0 = Release|Any CPU
		{6BC9FDE2-BF76-4BB8-BD04-CF4A7FE616DD}.Debug|Any CPU.ActiveCfg = Debug|Any CPU
		{6BC9FDE2-BF76-4BB8-BD04-CF4A7FE616DD}.Debug|Any CPU.Build.0 = Debug|Any CPU
		{6BC9FDE2-BF76-4BB8-BD04-CF4A7FE616DD}.Release|Any CPU.ActiveCfg = Release|Any CPU
		{6BC9FDE2-BF76-4BB8-BD04-CF4A7FE616DD}.Release|Any CPU.Build.0 = Release|Any CPU
		{548ABA4D-A935-4DFA-BF48-25407AB95397}.Debug|Any CPU.ActiveCfg = Debug|Any CPU
		{548ABA4D-A935-4DFA-BF48-25407AB95397}.Debug|Any CPU.Build.0 = Debug|Any CPU
		{548ABA4D-A935-4DFA-BF48-25407AB95397}.Release|Any CPU.ActiveCfg = Release|Any CPU
		{548ABA4D-A935-4DFA-BF48-25407AB95397}.Release|Any CPU.Build.0 = Release|Any CPU
	EndGlobalSection
	GlobalSection(SolutionProperties) = preSolution
		HideSolutionNode = FALSE
	EndGlobalSection
	GlobalSection(NestedProjects) = preSolution
		{5DF6C2A4-7E10-4D88-9FAB-021FA71A85DA} = {4FF1C930-6B73-4CC8-922B-92F7AF08CCC9}
		{FD3BFAB3-DFF7-4375-928D-B9A67BA69AE7} = {A4222CCB-017C-46F6-99BD-D1B65F25549E}
		{7B9135A2-7796-4A6D-A248-FBF43086E874} = {EAAE21C7-98B6-4DAA-B149-B6740BC6694E}
		{6BB46AD8-7CAC-4D9C-9D1B-6C3563ABCF91} = {800B030B-A6D2-4F9F-98C3-414C34C3EAC5}
		{364DED01-C198-4F93-9416-B22D55BE9CD6} = {A4222CCB-017C-46F6-99BD-D1B65F25549E}
		{6BC9FDE2-BF76-4BB8-BD04-CF4A7FE616DD} = {364DED01-C198-4F93-9416-B22D55BE9CD6}
		{4A06C11F-BE4B-49BA-AECD-62751D0093C3} = {A4222CCB-017C-46F6-99BD-D1B65F25549E}
		{548ABA4D-A935-4DFA-BF48-25407AB95397} = {4A06C11F-BE4B-49BA-AECD-62751D0093C3}
	EndGlobalSection
	GlobalSection(ExtensibilityGlobals) = postSolution
		SolutionGuid = {CFAF5B8F-8149-4CE1-8D11-69DBD7011615}
	EndGlobalSection
EndGlobal
